// !$*UTF8*$!
{
	archiveVersion = 1;
	classes = {
	};
	objectVersion = 56;
	objects = {

/* Begin PBXBuildFile section */
		882B45E32BD0A4FE00AA32B2 /* AppDelegate.swift in Sources */ = {isa = PBXBuildFile; fileRef = 882B45E22BD0A4FE00AA32B2 /* AppDelegate.swift */; };
		882B45E52BD0A4FE00AA32B2 /* SceneDelegate.swift in Sources */ = {isa = PBXBuildFile; fileRef = 882B45E42BD0A4FE00AA32B2 /* SceneDelegate.swift */; };
		882B45E72BD0A4FE00AA32B2 /* ViewController.swift in Sources */ = {isa = PBXBuildFile; fileRef = 882B45E62BD0A4FE00AA32B2 /* ViewController.swift */; };
		882B45EA2BD0A4FE00AA32B2 /* Base in Resources */ = {isa = PBXBuildFile; fileRef = 882B45E92BD0A4FE00AA32B2 /* Base */; };
		882B45EC2BD0A50200AA32B2 /* Assets.xcassets in Resources */ = {isa = PBXBuildFile; fileRef = 882B45EB2BD0A50200AA32B2 /* Assets.xcassets */; };
		882B45EF2BD0A50200AA32B2 /* Base in Resources */ = {isa = PBXBuildFile; fileRef = 882B45EE2BD0A50200AA32B2 /* Base */; };
		882B45FA2BD0A50300AA32B2 /* lifecounterTests.swift in Sources */ = {isa = PBXBuildFile; fileRef = 882B45F92BD0A50300AA32B2 /* lifecounterTests.swift */; };
		882B46042BD0A50300AA32B2 /* lifecounterUITests.swift in Sources */ = {isa = PBXBuildFile; fileRef = 882B46032BD0A50300AA32B2 /* lifecounterUITests.swift */; };
		882B46062BD0A50300AA32B2 /* lifecounterUITestsLaunchTests.swift in Sources */ = {isa = PBXBuildFile; fileRef = 882B46052BD0A50300AA32B2 /* lifecounterUITestsLaunchTests.swift */; };
/* End PBXBuildFile section */

/* Begin PBXContainerItemProxy section */
		882B45F62BD0A50300AA32B2 /* PBXContainerItemProxy */ = {
			isa = PBXContainerItemProxy;
			containerPortal = 882B45D72BD0A4FE00AA32B2 /* Project object */;
			proxyType = 1;
			remoteGlobalIDString = 882B45DE2BD0A4FE00AA32B2;
			remoteInfo = lifecounter;
		};
		882B46002BD0A50300AA32B2 /* PBXContainerItemProxy */ = {
			isa = PBXContainerItemProxy;
			containerPortal = 882B45D72BD0A4FE00AA32B2 /* Project object */;
			proxyType = 1;
			remoteGlobalIDString = 882B45DE2BD0A4FE00AA32B2;
			remoteInfo = lifecounter;
		};
/* End PBXContainerItemProxy section */

/* Begin PBXFileReference section */
		882B45DF2BD0A4FE00AA32B2 /* lifecounter.app */ = {isa = PBXFileReference; explicitFileType = wrapper.application; includeInIndex = 0; path = lifecounter.app; sourceTree = BUILT_PRODUCTS_DIR; };
		882B45E22BD0A4FE00AA32B2 /* AppDelegate.swift */ = {isa = PBXFileReference; lastKnownFileType = sourcecode.swift; path = AppDelegate.swift; sourceTree = "<group>"; };
		882B45E42BD0A4FE00AA32B2 /* SceneDelegate.swift */ = {isa = PBXFileReference; lastKnownFileType = sourcecode.swift; path = SceneDelegate.swift; sourceTree = "<group>"; };
		882B45E62BD0A4FE00AA32B2 /* ViewController.swift */ = {isa = PBXFileReference; lastKnownFileType = sourcecode.swift; path = ViewController.swift; sourceTree = "<group>"; };
		882B45E92BD0A4FE00AA32B2 /* Base */ = {isa = PBXFileReference; lastKnownFileType = file.storyboard; name = Base; path = Base.lproj/Main.storyboard; sourceTree = "<group>"; };
		882B45EB2BD0A50200AA32B2 /* Assets.xcassets */ = {isa = PBXFileReference; lastKnownFileType = folder.assetcatalog; path = Assets.xcassets; sourceTree = "<group>"; };
		882B45EE2BD0A50200AA32B2 /* Base */ = {isa = PBXFileReference; lastKnownFileType = file.storyboard; name = Base; path = Base.lproj/LaunchScreen.storyboard; sourceTree = "<group>"; };
		882B45F02BD0A50200AA32B2 /* Info.plist */ = {isa = PBXFileReference; lastKnownFileType = text.plist.xml; path = Info.plist; sourceTree = "<group>"; };
		882B45F52BD0A50300AA32B2 /* lifecounterTests.xctest */ = {isa = PBXFileReference; explicitFileType = wrapper.cfbundle; includeInIndex = 0; path = lifecounterTests.xctest; sourceTree = BUILT_PRODUCTS_DIR; };
		882B45F92BD0A50300AA32B2 /* lifecounterTests.swift */ = {isa = PBXFileReference; lastKnownFileType = sourcecode.swift; path = lifecounterTests.swift; sourceTree = "<group>"; };
		882B45FF2BD0A50300AA32B2 /* lifecounterUITests.xctest */ = {isa = PBXFileReference; explicitFileType = wrapper.cfbundle; includeInIndex = 0; path = lifecounterUITests.xctest; sourceTree = BUILT_PRODUCTS_DIR; };
		882B46032BD0A50300AA32B2 /* lifecounterUITests.swift */ = {isa = PBXFileReference; lastKnownFileType = sourcecode.swift; path = lifecounterUITests.swift; sourceTree = "<group>"; };
		882B46052BD0A50300AA32B2 /* lifecounterUITestsLaunchTests.swift */ = {isa = PBXFileReference; lastKnownFileType = sourcecode.swift; path = lifecounterUITestsLaunchTests.swift; sourceTree = "<group>"; };
/* End PBXFileReference section */

/* Begin PBXFrameworksBuildPhase section */
		882B45DC2BD0A4FE00AA32B2 /* Frameworks */ = {
			isa = PBXFrameworksBuildPhase;
			buildActionMask = 2147483647;
			files = (
			);
			runOnlyForDeploymentPostprocessing = 0;
		};
		882B45F22BD0A50300AA32B2 /* Frameworks */ = {
			isa = PBXFrameworksBuildPhase;
			buildActionMask = 2147483647;
			files = (
			);
			runOnlyForDeploymentPostprocessing = 0;
		};
		882B45FC2BD0A50300AA32B2 /* Frameworks */ = {
			isa = PBXFrameworksBuildPhase;
			buildActionMask = 2147483647;
			files = (
			);
			runOnlyForDeploymentPostprocessing = 0;
		};
/* End PBXFrameworksBuildPhase section */

/* Begin PBXGroup section */
		882B45D62BD0A4FE00AA32B2 = {
			isa = PBXGroup;
			children = (
				882B45E12BD0A4FE00AA32B2 /* lifecounter */,
				882B45F82BD0A50300AA32B2 /* lifecounterTests */,
				882B46022BD0A50300AA32B2 /* lifecounterUITests */,
				882B45E02BD0A4FE00AA32B2 /* Products */,
			);
			sourceTree = "<group>";
		};
		882B45E02BD0A4FE00AA32B2 /* Products */ = {
			isa = PBXGroup;
			children = (
				882B45DF2BD0A4FE00AA32B2 /* lifecounter.app */,
				882B45F52BD0A50300AA32B2 /* lifecounterTests.xctest */,
				882B45FF2BD0A50300AA32B2 /* lifecounterUITests.xctest */,
			);
			name = Products;
			sourceTree = "<group>";
		};
		882B45E12BD0A4FE00AA32B2 /* lifecounter */ = {
			isa = PBXGroup;
			children = (
				882B45E22BD0A4FE00AA32B2 /* AppDelegate.swift */,
				882B45E42BD0A4FE00AA32B2 /* SceneDelegate.swift */,
				882B45E62BD0A4FE00AA32B2 /* ViewController.swift */,
				882B45E82BD0A4FE00AA32B2 /* Main.storyboard */,
				882B45EB2BD0A50200AA32B2 /* Assets.xcassets */,
				882B45ED2BD0A50200AA32B2 /* LaunchScreen.storyboard */,
				882B45F02BD0A50200AA32B2 /* Info.plist */,
			);
			path = lifecounter;
			sourceTree = "<group>";
		};
		882B45F82BD0A50300AA32B2 /* lifecounterTests */ = {
			isa = PBXGroup;
			children = (
				882B45F92BD0A50300AA32B2 /* lifecounterTests.swift */,
			);
			path = lifecounterTests;
			sourceTree = "<group>";
		};
		882B46022BD0A50300AA32B2 /* lifecounterUITests */ = {
			isa = PBXGroup;
			children = (
				882B46032BD0A50300AA32B2 /* lifecounterUITests.swift */,
				882B46052BD0A50300AA32B2 /* lifecounterUITestsLaunchTests.swift */,
			);
			path = lifecounterUITests;
			sourceTree = "<group>";
		};
/* End PBXGroup section */

/* Begin PBXNativeTarget section */
		882B45DE2BD0A4FE00AA32B2 /* lifecounter */ = {
			isa = PBXNativeTarget;
			buildConfigurationList = 882B46092BD0A50300AA32B2 /* Build configuration list for PBXNativeTarget "lifecounter" */;
			buildPhases = (
				882B45DB2BD0A4FE00AA32B2 /* Sources */,
				882B45DC2BD0A4FE00AA32B2 /* Frameworks */,
				882B45DD2BD0A4FE00AA32B2 /* Resources */,
			);
			buildRules = (
			);
			dependencies = (
			);
			name = lifecounter;
			productName = lifecounter;
			productReference = 882B45DF2BD0A4FE00AA32B2 /* lifecounter.app */;
			productType = "com.apple.product-type.application";
		};
		882B45F42BD0A50300AA32B2 /* lifecounterTests */ = {
			isa = PBXNativeTarget;
			buildConfigurationList = 882B460C2BD0A50300AA32B2 /* Build configuration list for PBXNativeTarget "lifecounterTests" */;
			buildPhases = (
				882B45F12BD0A50300AA32B2 /* Sources */,
				882B45F22BD0A50300AA32B2 /* Frameworks */,
				882B45F32BD0A50300AA32B2 /* Resources */,
			);
			buildRules = (
			);
			dependencies = (
				882B45F72BD0A50300AA32B2 /* PBXTargetDependency */,
			);
			name = lifecounterTests;
			productName = lifecounterTests;
			productReference = 882B45F52BD0A50300AA32B2 /* lifecounterTests.xctest */;
			productType = "com.apple.product-type.bundle.unit-test";
		};
		882B45FE2BD0A50300AA32B2 /* lifecounterUITests */ = {
			isa = PBXNativeTarget;
			buildConfigurationList = 882B460F2BD0A50300AA32B2 /* Build configuration list for PBXNativeTarget "lifecounterUITests" */;
			buildPhases = (
				882B45FB2BD0A50300AA32B2 /* Sources */,
				882B45FC2BD0A50300AA32B2 /* Frameworks */,
				882B45FD2BD0A50300AA32B2 /* Resources */,
			);
			buildRules = (
			);
			dependencies = (
				882B46012BD0A50300AA32B2 /* PBXTargetDependency */,
			);
			name = lifecounterUITests;
			productName = lifecounterUITests;
			productReference = 882B45FF2BD0A50300AA32B2 /* lifecounterUITests.xctest */;
			productType = "com.apple.product-type.bundle.ui-testing";
		};
/* End PBXNativeTarget section */

/* Begin PBXProject section */
		882B45D72BD0A4FE00AA32B2 /* Project object */ = {
			isa = PBXProject;
			attributes = {
				BuildIndependentTargetsInParallel = 1;
				LastSwiftUpdateCheck = 1530;
				LastUpgradeCheck = 1530;
				TargetAttributes = {
					882B45DE2BD0A4FE00AA32B2 = {
						CreatedOnToolsVersion = 15.3;
					};
					882B45F42BD0A50300AA32B2 = {
						CreatedOnToolsVersion = 15.3;
						TestTargetID = 882B45DE2BD0A4FE00AA32B2;
					};
					882B45FE2BD0A50300AA32B2 = {
						CreatedOnToolsVersion = 15.3;
						TestTargetID = 882B45DE2BD0A4FE00AA32B2;
					};
				};
			};
			buildConfigurationList = 882B45DA2BD0A4FE00AA32B2 /* Build configuration list for PBXProject "lifecounter" */;
			compatibilityVersion = "Xcode 14.0";
			developmentRegion = en;
			hasScannedForEncodings = 0;
			knownRegions = (
				en,
				Base,
			);
			mainGroup = 882B45D62BD0A4FE00AA32B2;
			productRefGroup = 882B45E02BD0A4FE00AA32B2 /* Products */;
			projectDirPath = "";
			projectRoot = "";
			targets = (
				882B45DE2BD0A4FE00AA32B2 /* lifecounter */,
				882B45F42BD0A50300AA32B2 /* lifecounterTests */,
				882B45FE2BD0A50300AA32B2 /* lifecounterUITests */,
			);
		};
/* End PBXProject section */

/* Begin PBXResourcesBuildPhase section */
		882B45DD2BD0A4FE00AA32B2 /* Resources */ = {
			isa = PBXResourcesBuildPhase;
			buildActionMask = 2147483647;
			files = (
				882B45EC2BD0A50200AA32B2 /* Assets.xcassets in Resources */,
				882B45EF2BD0A50200AA32B2 /* Base in Resources */,
				882B45EA2BD0A4FE00AA32B2 /* Base in Resources */,
			);
			runOnlyForDeploymentPostprocessing = 0;
		};
		882B45F32BD0A50300AA32B2 /* Resources */ = {
			isa = PBXResourcesBuildPhase;
			buildActionMask = 2147483647;
			files = (
			);
			runOnlyForDeploymentPostprocessing = 0;
		};
		882B45FD2BD0A50300AA32B2 /* Resources */ = {
			isa = PBXResourcesBuildPhase;
			buildActionMask = 2147483647;
			files = (
			);
			runOnlyForDeploymentPostprocessing = 0;
		};
/* End PBXResourcesBuildPhase section */

/* Begin PBXSourcesBuildPhase section */
		882B45DB2BD0A4FE00AA32B2 /* Sources */ = {
			isa = PBXSourcesBuildPhase;
			buildActionMask = 2147483647;
			files = (
				882B45E72BD0A4FE00AA32B2 /* ViewController.swift in Sources */,
				882B45E32BD0A4FE00AA32B2 /* AppDelegate.swift in Sources */,
				882B45E52BD0A4FE00AA32B2 /* SceneDelegate.swift in Sources */,
			);
			runOnlyForDeploymentPostprocessing = 0;
		};
		882B45F12BD0A50300AA32B2 /* Sources */ = {
			isa = PBXSourcesBuildPhase;
			buildActionMask = 2147483647;
			files = (
				882B45FA2BD0A50300AA32B2 /* lifecounterTests.swift in Sources */,
			);
			runOnlyForDeploymentPostprocessing = 0;
		};
		882B45FB2BD0A50300AA32B2 /* Sources */ = {
			isa = PBXSourcesBuildPhase;
			buildActionMask = 2147483647;
			files = (
				882B46042BD0A50300AA32B2 /* lifecounterUITests.swift in Sources */,
				882B46062BD0A50300AA32B2 /* lifecounterUITestsLaunchTests.swift in Sources */,
			);
			runOnlyForDeploymentPostprocessing = 0;
		};
/* End PBXSourcesBuildPhase section */

/* Begin PBXTargetDependency section */
		882B45F72BD0A50300AA32B2 /* PBXTargetDependency */ = {
			isa = PBXTargetDependency;
			target = 882B45DE2BD0A4FE00AA32B2 /* lifecounter */;
			targetProxy = 882B45F62BD0A50300AA32B2 /* PBXContainerItemProxy */;
		};
		882B46012BD0A50300AA32B2 /* PBXTargetDependency */ = {
			isa = PBXTargetDependency;
			target = 882B45DE2BD0A4FE00AA32B2 /* lifecounter */;
			targetProxy = 882B46002BD0A50300AA32B2 /* PBXContainerItemProxy */;
		};
/* End PBXTargetDependency section */

/* Begin PBXVariantGroup section */
		882B45E82BD0A4FE00AA32B2 /* Main.storyboard */ = {
			isa = PBXVariantGroup;
			children = (
				882B45E92BD0A4FE00AA32B2 /* Base */,
			);
			name = Main.storyboard;
			sourceTree = "<group>";
		};
		882B45ED2BD0A50200AA32B2 /* LaunchScreen.storyboard */ = {
			isa = PBXVariantGroup;
			children = (
				882B45EE2BD0A50200AA32B2 /* Base */,
			);
			name = LaunchScreen.storyboard;
			sourceTree = "<group>";
		};
/* End PBXVariantGroup section */

/* Begin XCBuildConfiguration section */
		882B46072BD0A50300AA32B2 /* Debug */ = {
			isa = XCBuildConfiguration;
			buildSettings = {
				ALWAYS_SEARCH_USER_PATHS = NO;
				ASSETCATALOG_COMPILER_GENERATE_SWIFT_ASSET_SYMBOL_EXTENSIONS = YES;
				CLANG_ANALYZER_NONNULL = YES;
				CLANG_ANALYZER_NUMBER_OBJECT_CONVERSION = YES_AGGRESSIVE;
				CLANG_CXX_LANGUAGE_STANDARD = "gnu++20";
				CLANG_ENABLE_MODULES = YES;
				CLANG_ENABLE_OBJC_ARC = YES;
				CLANG_ENABLE_OBJC_WEAK = YES;
				CLANG_WARN_BLOCK_CAPTURE_AUTORELEASING = YES;
				CLANG_WARN_BOOL_CONVERSION = YES;
				CLANG_WARN_COMMA = YES;
				CLANG_WARN_CONSTANT_CONVERSION = YES;
				CLANG_WARN_DEPRECATED_OBJC_IMPLEMENTATIONS = YES;
				CLANG_WARN_DIRECT_OBJC_ISA_USAGE = YES_ERROR;
				CLANG_WARN_DOCUMENTATION_COMMENTS = YES;
				CLANG_WARN_EMPTY_BODY = YES;
				CLANG_WARN_ENUM_CONVERSION = YES;
				CLANG_WARN_INFINITE_RECURSION = YES;
				CLANG_WARN_INT_CONVERSION = YES;
				CLANG_WARN_NON_LITERAL_NULL_CONVERSION = YES;
				CLANG_WARN_OBJC_IMPLICIT_RETAIN_SELF = YES;
				CLANG_WARN_OBJC_LITERAL_CONVERSION = YES;
				CLANG_WARN_OBJC_ROOT_CLASS = YES_ERROR;
				CLANG_WARN_QUOTED_INCLUDE_IN_FRAMEWORK_HEADER = YES;
				CLANG_WARN_RANGE_LOOP_ANALYSIS = YES;
				CLANG_WARN_STRICT_PROTOTYPES = YES;
				CLANG_WARN_SUSPICIOUS_MOVE = YES;
				CLANG_WARN_UNGUARDED_AVAILABILITY = YES_AGGRESSIVE;
				CLANG_WARN_UNREACHABLE_CODE = YES;
				CLANG_WARN__DUPLICATE_METHOD_MATCH = YES;
				COPY_PHASE_STRIP = NO;
				DEBUG_INFORMATION_FORMAT = dwarf;
				ENABLE_STRICT_OBJC_MSGSEND = YES;
				ENABLE_TESTABILITY = YES;
				ENABLE_USER_SCRIPT_SANDBOXING = YES;
				GCC_C_LANGUAGE_STANDARD = gnu17;
				GCC_DYNAMIC_NO_PIC = NO;
				GCC_NO_COMMON_BLOCKS = YES;
				GCC_OPTIMIZATION_LEVEL = 0;
				GCC_PREPROCESSOR_DEFINITIONS = (
					"DEBUG=1",
					"$(inherited)",
				);
				GCC_WARN_64_TO_32_BIT_CONVERSION = YES;
				GCC_WARN_ABOUT_RETURN_TYPE = YES_ERROR;
				GCC_WARN_UNDECLARED_SELECTOR = YES;
				GCC_WARN_UNINITIALIZED_AUTOS = YES_AGGRESSIVE;
				GCC_WARN_UNUSED_FUNCTION = YES;
				GCC_WARN_UNUSED_VARIABLE = YES;
				IPHONEOS_DEPLOYMENT_TARGET = 17.4;
				LOCALIZATION_PREFERS_STRING_CATALOGS = YES;
				MTL_ENABLE_DEBUG_INFO = INCLUDE_SOURCE;
				MTL_FAST_MATH = YES;
				ONLY_ACTIVE_ARCH = YES;
				SDKROOT = iphoneos;
				SWIFT_ACTIVE_COMPILATION_CONDITIONS = "DEBUG $(inherited)";
				SWIFT_OPTIMIZATION_LEVEL = "-Onone";
			};
			name = Debug;
		};
		882B46082BD0A50300AA32B2 /* Release */ = {
			isa = XCBuildConfiguration;
			buildSettings = {
				ALWAYS_SEARCH_USER_PATHS = NO;
				ASSETCATALOG_COMPILER_GENERATE_SWIFT_ASSET_SYMBOL_EXTENSIONS = YES;
				CLANG_ANALYZER_NONNULL = YES;
				CLANG_ANALYZER_NUMBER_OBJECT_CONVERSION = YES_AGGRESSIVE;
				CLANG_CXX_LANGUAGE_STANDARD = "gnu++20";
				CLANG_ENABLE_MODULES = YES;
				CLANG_ENABLE_OBJC_ARC = YES;
				CLANG_ENABLE_OBJC_WEAK = YES;
				CLANG_WARN_BLOCK_CAPTURE_AUTORELEASING = YES;
				CLANG_WARN_BOOL_CONVERSION = YES;
				CLANG_WARN_COMMA = YES;
				CLANG_WARN_CONSTANT_CONVERSION = YES;
				CLANG_WARN_DEPRECATED_OBJC_IMPLEMENTATIONS = YES;
				CLANG_WARN_DIRECT_OBJC_ISA_USAGE = YES_ERROR;
				CLANG_WARN_DOCUMENTATION_COMMENTS = YES;
				CLANG_WARN_EMPTY_BODY = YES;
				CLANG_WARN_ENUM_CONVERSION = YES;
				CLANG_WARN_INFINITE_RECURSION = YES;
				CLANG_WARN_INT_CONVERSION = YES;
				CLANG_WARN_NON_LITERAL_NULL_CONVERSION = YES;
				CLANG_WARN_OBJC_IMPLICIT_RETAIN_SELF = YES;
				CLANG_WARN_OBJC_LITERAL_CONVERSION = YES;
				CLANG_WARN_OBJC_ROOT_CLASS = YES_ERROR;
				CLANG_WARN_QUOTED_INCLUDE_IN_FRAMEWORK_HEADER = YES;
				CLANG_WARN_RANGE_LOOP_ANALYSIS = YES;
				CLANG_WARN_STRICT_PROTOTYPES = YES;
				CLANG_WARN_SUSPICIOUS_MOVE = YES;
				CLANG_WARN_UNGUARDED_AVAILABILITY = YES_AGGRESSIVE;
				CLANG_WARN_UNREACHABLE_CODE = YES;
				CLANG_WARN__DUPLICATE_METHOD_MATCH = YES;
				COPY_PHASE_STRIP = NO;
				DEBUG_INFORMATION_FORMAT = "dwarf-with-dsym";
				ENABLE_NS_ASSERTIONS = NO;
				ENABLE_STRICT_OBJC_MSGSEND = YES;
				ENABLE_USER_SCRIPT_SANDBOXING = YES;
				GCC_C_LANGUAGE_STANDARD = gnu17;
				GCC_NO_COMMON_BLOCKS = YES;
				GCC_WARN_64_TO_32_BIT_CONVERSION = YES;
				GCC_WARN_ABOUT_RETURN_TYPE = YES_ERROR;
				GCC_WARN_UNDECLARED_SELECTOR = YES;
				GCC_WARN_UNINITIALIZED_AUTOS = YES_AGGRESSIVE;
				GCC_WARN_UNUSED_FUNCTION = YES;
				GCC_WARN_UNUSED_VARIABLE = YES;
				IPHONEOS_DEPLOYMENT_TARGET = 17.4;
				LOCALIZATION_PREFERS_STRING_CATALOGS = YES;
				MTL_ENABLE_DEBUG_INFO = NO;
				MTL_FAST_MATH = YES;
				SDKROOT = iphoneos;
				SWIFT_COMPILATION_MODE = wholemodule;
				VALIDATE_PRODUCT = YES;
			};
			name = Release;
		};
		882B460A2BD0A50300AA32B2 /* Debug */ = {
			isa = XCBuildConfiguration;
			buildSettings = {
				ASSETCATALOG_COMPILER_APPICON_NAME = AppIcon;
				ASSETCATALOG_COMPILER_GLOBAL_ACCENT_COLOR_NAME = AccentColor;
				CODE_SIGN_STYLE = Automatic;
				CURRENT_PROJECT_VERSION = 1;
				DEVELOPMENT_TEAM = 48Y5N2Z4KY;
				GENERATE_INFOPLIST_FILE = YES;
				INFOPLIST_FILE = lifecounter/Info.plist;
				INFOPLIST_KEY_UIApplicationSupportsIndirectInputEvents = YES;
				INFOPLIST_KEY_UILaunchStoryboardName = LaunchScreen;
				INFOPLIST_KEY_UIMainStoryboardFile = Main;
				INFOPLIST_KEY_UISupportedInterfaceOrientations_iPad = "UIInterfaceOrientationPortrait UIInterfaceOrientationPortraitUpsideDown UIInterfaceOrientationLandscapeLeft UIInterfaceOrientationLandscapeRight";
				INFOPLIST_KEY_UISupportedInterfaceOrientations_iPhone = "UIInterfaceOrientationPortrait UIInterfaceOrientationLandscapeLeft UIInterfaceOrientationLandscapeRight";
				LD_RUNPATH_SEARCH_PATHS = (
					"$(inherited)",
					"@executable_path/Frameworks",
				);
				MARKETING_VERSION = 1.0;
				PRODUCT_BUNDLE_IDENTIFIER = edu.uw.ischool.pdang2.lifecounter;
				PRODUCT_NAME = "$(TARGET_NAME)";
				SWIFT_EMIT_LOC_STRINGS = YES;
				SWIFT_VERSION = 5.0;
				TARGETED_DEVICE_FAMILY = "1,2";
			};
			name = Debug;
		};
		882B460B2BD0A50300AA32B2 /* Release */ = {
			isa = XCBuildConfiguration;
			buildSettings = {
				ASSETCATALOG_COMPILER_APPICON_NAME = AppIcon;
				ASSETCATALOG_COMPILER_GLOBAL_ACCENT_COLOR_NAME = AccentColor;
				CODE_SIGN_STYLE = Automatic;
				CURRENT_PROJECT_VERSION = 1;
				DEVELOPMENT_TEAM = 48Y5N2Z4KY;
				GENERATE_INFOPLIST_FILE = YES;
				INFOPLIST_FILE = lifecounter/Info.plist;
				INFOPLIST_KEY_UIApplicationSupportsIndirectInputEvents = YES;
				INFOPLIST_KEY_UILaunchStoryboardName = LaunchScreen;
				INFOPLIST_KEY_UIMainStoryboardFile = Main;
				INFOPLIST_KEY_UISupportedInterfaceOrientations_iPad = "UIInterfaceOrientationPortrait UIInterfaceOrientationPortraitUpsideDown UIInterfaceOrientationLandscapeLeft UIInterfaceOrientationLandscapeRight";
				INFOPLIST_KEY_UISupportedInterfaceOrientations_iPhone = "UIInterfaceOrientationPortrait UIInterfaceOrientationLandscapeLeft UIInterfaceOrientationLandscapeRight";
				LD_RUNPATH_SEARCH_PATHS = (
					"$(inherited)",
					"@executable_path/Frameworks",
				);
				MARKETING_VERSION = 1.0;
				PRODUCT_BUNDLE_IDENTIFIER = edu.uw.ischool.pdang2.lifecounter;
				PRODUCT_NAME = "$(TARGET_NAME)";
				SWIFT_EMIT_LOC_STRINGS = YES;
				SWIFT_VERSION = 5.0;
				TARGETED_DEVICE_FAMILY = "1,2";
			};
			name = Release;
		};
		882B460D2BD0A50300AA32B2 /* Debug */ = {
			isa = XCBuildConfiguration;
			buildSettings = {
				ALWAYS_EMBED_SWIFT_STANDARD_LIBRARIES = YES;
				BUNDLE_LOADER = "$(TEST_HOST)";
				CODE_SIGN_STYLE = Automatic;
				CURRENT_PROJECT_VERSION = 1;
				DEVELOPMENT_TEAM = 48Y5N2Z4KY;
				GENERATE_INFOPLIST_FILE = YES;
				IPHONEOS_DEPLOYMENT_TARGET = 17.4;
				MARKETING_VERSION = 1.0;
				PRODUCT_BUNDLE_IDENTIFIER = edu.uw.ischool.pdang2.lifecounterTests;
				PRODUCT_NAME = "$(TARGET_NAME)";
				SWIFT_EMIT_LOC_STRINGS = NO;
				SWIFT_VERSION = 5.0;
				TARGETED_DEVICE_FAMILY = "1,2";
				TEST_HOST = "$(BUILT_PRODUCTS_DIR)/lifecounter.app/$(BUNDLE_EXECUTABLE_FOLDER_PATH)/lifecounter";
			};
			name = Debug;
		};
		882B460E2BD0A50300AA32B2 /* Release */ = {
			isa = XCBuildConfiguration;
			buildSettings = {
				ALWAYS_EMBED_SWIFT_STANDARD_LIBRARIES = YES;
				BUNDLE_LOADER = "$(TEST_HOST)";
				CODE_SIGN_STYLE = Automatic;
				CURRENT_PROJECT_VERSION = 1;
				DEVELOPMENT_TEAM = 48Y5N2Z4KY;
				GENERATE_INFOPLIST_FILE = YES;
				IPHONEOS_DEPLOYMENT_TARGET = 17.4;
				MARKETING_VERSION = 1.0;
				PRODUCT_BUNDLE_IDENTIFIER = edu.uw.ischool.pdang2.lifecounterTests;
				PRODUCT_NAME = "$(TARGET_NAME)";
				SWIFT_EMIT_LOC_STRINGS = NO;
				SWIFT_VERSION = 5.0;
				TARGETED_DEVICE_FAMILY = "1,2";
				TEST_HOST = "$(BUILT_PRODUCTS_DIR)/lifecounter.app/$(BUNDLE_EXECUTABLE_FOLDER_PATH)/lifecounter";
			};
			name = Release;
		};
		882B46102BD0A50300AA32B2 /* Debug */ = {
			isa = XCBuildConfiguration;
			buildSettings = {
				ALWAYS_EMBED_SWIFT_STANDARD_LIBRARIES = YES;
				CODE_SIGN_STYLE = Automatic;
				CURRENT_PROJECT_VERSION = 1;
				DEVELOPMENT_TEAM = 48Y5N2Z4KY;
				GENERATE_INFOPLIST_FILE = YES;
				MARKETING_VERSION = 1.0;
				PRODUCT_BUNDLE_IDENTIFIER = edu.uw.ischool.pdang2.lifecounterUITests;
				PRODUCT_NAME = "$(TARGET_NAME)";
				SWIFT_EMIT_LOC_STRINGS = NO;
				SWIFT_VERSION = 5.0;
				TARGETED_DEVICE_FAMILY = "1,2";
				TEST_TARGET_NAME = lifecounter;
			};
			name = Debug;
		};
		882B46112BD0A50300AA32B2 /* Release */ = {
			isa = XCBuildConfiguration;
			buildSettings = {
				ALWAYS_EMBED_SWIFT_STANDARD_LIBRARIES = YES;
				CODE_SIGN_STYLE = Automatic;
				CURRENT_PROJECT_VERSION = 1;
				DEVELOPMENT_TEAM = 48Y5N2Z4KY;
				GENERATE_INFOPLIST_FILE = YES;
				MARKETING_VERSION = 1.0;
				PRODUCT_BUNDLE_IDENTIFIER = edu.uw.ischool.pdang2.lifecounterUITests;
				PRODUCT_NAME = "$(TARGET_NAME)";
				SWIFT_EMIT_LOC_STRINGS = NO;
				SWIFT_VERSION = 5.0;
				TARGETED_DEVICE_FAMILY = "1,2";
				TEST_TARGET_NAME = lifecounter;
			};
			name = Release;
		};
/* End XCBuildConfiguration section */

/* Begin XCConfigurationList section */
		882B45DA2BD0A4FE00AA32B2 /* Build configuration list for PBXProject "lifecounter" */ = {
			isa = XCConfigurationList;
			buildConfigurations = (
				882B46072BD0A50300AA32B2 /* Debug */,
				882B46082BD0A50300AA32B2 /* Release */,
			);
			defaultConfigurationIsVisible = 0;
			defaultConfigurationName = Release;
		};
		882B46092BD0A50300AA32B2 /* Build configuration list for PBXNativeTarget "lifecounter" */ = {
			isa = XCConfigurationList;
			buildConfigurations = (
				882B460A2BD0A50300AA32B2 /* Debug */,
				882B460B2BD0A50300AA32B2 /* Release */,
			);
			defaultConfigurationIsVisible = 0;
			defaultConfigurationName = Release;
		};
		882B460C2BD0A50300AA32B2 /* Build configuration list for PBXNativeTarget "lifecounterTests" */ = {
			isa = XCConfigurationList;
			buildConfigurations = (
				882B460D2BD0A50300AA32B2 /* Debug */,
				882B460E2BD0A50300AA32B2 /* Release */,
			);
			defaultConfigurationIsVisible = 0;
			defaultConfigurationName = Release;
		};
		882B460F2BD0A50300AA32B2 /* Build configuration list for PBXNativeTarget "lifecounterUITests" */ = {
			isa = XCConfigurationList;
			buildConfigurations = (
				882B46102BD0A50300AA32B2 /* Debug */,
				882B46112BD0A50300AA32B2 /* Release */,
			);
			defaultConfigurationIsVisible = 0;
			defaultConfigurationName = Release;
		};
/* End XCConfigurationList section */
	};
	rootObject = 882B45D72BD0A4FE00AA32B2 /* Project object */;
}
